// !$*UTF8*$!
{
	archiveVersion = 1;
	classes = {
	};
	objectVersion = 56;
	objects = {

/* Begin PBXBuildFile section */
		861C68B42C88FE9D003DCF8F /* SupaClient.swift in Sources */ = {isa = PBXBuildFile; fileRef = 861C68B32C88FE9D003DCF8F /* SupaClient.swift */; };
		861C68B72C88FEC2003DCF8F /* Supabase in Frameworks */ = {isa = PBXBuildFile; productRef = 861C68B62C88FEC2003DCF8F /* Supabase */; };
		861C68B92C88FF1A003DCF8F /* SupabaseInfo.plist in Resources */ = {isa = PBXBuildFile; fileRef = 861C68B82C88FF1A003DCF8F /* SupabaseInfo.plist */; };
		861C68BC2C88FFDE003DCF8F /* StellaInfo.swift in Sources */ = {isa = PBXBuildFile; fileRef = 861C68BB2C88FFDE003DCF8F /* StellaInfo.swift */; };
		861C68BE2C890378003DCF8F /* StellaInfoViewModel.swift in Sources */ = {isa = PBXBuildFile; fileRef = 861C68BD2C890378003DCF8F /* StellaInfoViewModel.swift */; };
		861C68C02C89181C003DCF8F /* Colors.xcassets in Resources */ = {isa = PBXBuildFile; fileRef = 861C68BF2C89181C003DCF8F /* Colors.xcassets */; };
		862147BC2C8BA1640008B888 /* AudioPlayerViewModel.swift in Sources */ = {isa = PBXBuildFile; fileRef = 862147BB2C8BA1640008B888 /* AudioPlayerViewModel.swift */; };
		862147BE2C8BB5710008B888 /* Songs.swift in Sources */ = {isa = PBXBuildFile; fileRef = 862147BD2C8BB5710008B888 /* Songs.swift */; };
		8670DE162C876F9A0058D7DC /* Kingfisher in Frameworks */ = {isa = PBXBuildFile; productRef = 8670DE152C876F9A0058D7DC /* Kingfisher */; };
		8670DE1A2C8770900058D7DC /* HomeView.swift in Sources */ = {isa = PBXBuildFile; fileRef = 8670DE192C8770900058D7DC /* HomeView.swift */; };
		8670DE1C2C8770960058D7DC /* PlayListView.swift in Sources */ = {isa = PBXBuildFile; fileRef = 8670DE1B2C8770960058D7DC /* PlayListView.swift */; };
		8670DE212C8773C50058D7DC /* SwiftUIIntrospect in Frameworks */ = {isa = PBXBuildFile; productRef = 8670DE202C8773C50058D7DC /* SwiftUIIntrospect */; };
		8670DE2A2C8784AE0058D7DC /* ArtistListView.swift in Sources */ = {isa = PBXBuildFile; fileRef = 8670DE292C8784AE0058D7DC /* ArtistListView.swift */; };
		8670DE2C2C878AEC0058D7DC /* TabsView.swift in Sources */ = {isa = PBXBuildFile; fileRef = 8670DE2B2C878AEC0058D7DC /* TabsView.swift */; };
		8670DE302C8793920058D7DC /* SongListView.swift in Sources */ = {isa = PBXBuildFile; fileRef = 8670DE2F2C8793920058D7DC /* SongListView.swift */; };
		8670DE322C8794140058D7DC /* SongType.swift in Sources */ = {isa = PBXBuildFile; fileRef = 8670DE312C8794140058D7DC /* SongType.swift */; };
		868D1FCA2C876B3A00F194D9 /* StelliveMusicApp.swift in Sources */ = {isa = PBXBuildFile; fileRef = 868D1FC92C876B3A00F194D9 /* StelliveMusicApp.swift */; };
		868D1FCC2C876B3A00F194D9 /* ContentView.swift in Sources */ = {isa = PBXBuildFile; fileRef = 868D1FCB2C876B3A00F194D9 /* ContentView.swift */; };
		868D1FCE2C876B3B00F194D9 /* Assets.xcassets in Resources */ = {isa = PBXBuildFile; fileRef = 868D1FCD2C876B3B00F194D9 /* Assets.xcassets */; };
		868D1FD12C876B3B00F194D9 /* Preview Assets.xcassets in Resources */ = {isa = PBXBuildFile; fileRef = 868D1FD02C876B3B00F194D9 /* Preview Assets.xcassets */; };
		86B2BB132C8A914100EA7A84 /* SongInfoViewModel.swift in Sources */ = {isa = PBXBuildFile; fileRef = 86B2BB122C8A914100EA7A84 /* SongInfoViewModel.swift */; };
		86B2BB152C8A916D00EA7A84 /* SongInfo.swift in Sources */ = {isa = PBXBuildFile; fileRef = 86B2BB142C8A916D00EA7A84 /* SongInfo.swift */; };
/* End PBXBuildFile section */

/* Begin PBXFileReference section */
		861C68B32C88FE9D003DCF8F /* SupaClient.swift */ = {isa = PBXFileReference; lastKnownFileType = sourcecode.swift; path = SupaClient.swift; sourceTree = "<group>"; };
		861C68B82C88FF1A003DCF8F /* SupabaseInfo.plist */ = {isa = PBXFileReference; fileEncoding = 4; lastKnownFileType = text.plist.xml; path = SupabaseInfo.plist; sourceTree = "<group>"; };
		861C68BB2C88FFDE003DCF8F /* StellaInfo.swift */ = {isa = PBXFileReference; lastKnownFileType = sourcecode.swift; path = StellaInfo.swift; sourceTree = "<group>"; };
		861C68BD2C890378003DCF8F /* StellaInfoViewModel.swift */ = {isa = PBXFileReference; lastKnownFileType = sourcecode.swift; path = StellaInfoViewModel.swift; sourceTree = "<group>"; };
		861C68BF2C89181C003DCF8F /* Colors.xcassets */ = {isa = PBXFileReference; lastKnownFileType = folder.assetcatalog; path = Colors.xcassets; sourceTree = "<group>"; };
		862147BB2C8BA1640008B888 /* AudioPlayerViewModel.swift */ = {isa = PBXFileReference; lastKnownFileType = sourcecode.swift; path = AudioPlayerViewModel.swift; sourceTree = "<group>"; };
		862147BD2C8BB5710008B888 /* Songs.swift */ = {isa = PBXFileReference; lastKnownFileType = sourcecode.swift; path = Songs.swift; sourceTree = "<group>"; };
		8670DE192C8770900058D7DC /* HomeView.swift */ = {isa = PBXFileReference; lastKnownFileType = sourcecode.swift; path = HomeView.swift; sourceTree = "<group>"; };
		8670DE1B2C8770960058D7DC /* PlayListView.swift */ = {isa = PBXFileReference; lastKnownFileType = sourcecode.swift; path = PlayListView.swift; sourceTree = "<group>"; };
		8670DE292C8784AE0058D7DC /* ArtistListView.swift */ = {isa = PBXFileReference; lastKnownFileType = sourcecode.swift; path = ArtistListView.swift; sourceTree = "<group>"; };
		8670DE2B2C878AEC0058D7DC /* TabsView.swift */ = {isa = PBXFileReference; lastKnownFileType = sourcecode.swift; path = TabsView.swift; sourceTree = "<group>"; };
		8670DE2F2C8793920058D7DC /* SongListView.swift */ = {isa = PBXFileReference; lastKnownFileType = sourcecode.swift; path = SongListView.swift; sourceTree = "<group>"; };
		8670DE312C8794140058D7DC /* SongType.swift */ = {isa = PBXFileReference; lastKnownFileType = sourcecode.swift; path = SongType.swift; sourceTree = "<group>"; };
		868D1FC62C876B3A00F194D9 /* StelliveMusic.app */ = {isa = PBXFileReference; explicitFileType = wrapper.application; includeInIndex = 0; path = StelliveMusic.app; sourceTree = BUILT_PRODUCTS_DIR; };
		868D1FC92C876B3A00F194D9 /* StelliveMusicApp.swift */ = {isa = PBXFileReference; lastKnownFileType = sourcecode.swift; path = StelliveMusicApp.swift; sourceTree = "<group>"; };
		868D1FCB2C876B3A00F194D9 /* ContentView.swift */ = {isa = PBXFileReference; lastKnownFileType = sourcecode.swift; path = ContentView.swift; sourceTree = "<group>"; };
		868D1FCD2C876B3B00F194D9 /* Assets.xcassets */ = {isa = PBXFileReference; lastKnownFileType = folder.assetcatalog; path = Assets.xcassets; sourceTree = "<group>"; };
		868D1FD02C876B3B00F194D9 /* Preview Assets.xcassets */ = {isa = PBXFileReference; lastKnownFileType = folder.assetcatalog; path = "Preview Assets.xcassets"; sourceTree = "<group>"; };
		86B2BB122C8A914100EA7A84 /* SongInfoViewModel.swift */ = {isa = PBXFileReference; lastKnownFileType = sourcecode.swift; path = SongInfoViewModel.swift; sourceTree = "<group>"; };
		86B2BB142C8A916D00EA7A84 /* SongInfo.swift */ = {isa = PBXFileReference; lastKnownFileType = sourcecode.swift; path = SongInfo.swift; sourceTree = "<group>"; };
		86DE9CD12C876D4600D26C10 /* Info.plist */ = {isa = PBXFileReference; lastKnownFileType = text.plist; path = Info.plist; sourceTree = "<group>"; };
/* End PBXFileReference section */

/* Begin PBXFrameworksBuildPhase section */
		868D1FC32C876B3A00F194D9 /* Frameworks */ = {
			isa = PBXFrameworksBuildPhase;
			buildActionMask = 2147483647;
			files = (
				8670DE162C876F9A0058D7DC /* Kingfisher in Frameworks */,
				8670DE212C8773C50058D7DC /* SwiftUIIntrospect in Frameworks */,
				861C68B72C88FEC2003DCF8F /* Supabase in Frameworks */,
			);
			runOnlyForDeploymentPostprocessing = 0;
		};
/* End PBXFrameworksBuildPhase section */

/* Begin PBXGroup section */
		861C68AF2C88FDBD003DCF8F /* API */ = {
			isa = PBXGroup;
			children = (
				861C68B82C88FF1A003DCF8F /* SupabaseInfo.plist */,
				861C68B32C88FE9D003DCF8F /* SupaClient.swift */,
			);
			path = API;
			sourceTree = "<group>";
		};
		861C68B52C88FEC2003DCF8F /* Frameworks */ = {
			isa = PBXGroup;
			children = (
			);
			name = Frameworks;
			sourceTree = "<group>";
		};
		862147BA2C8B9E9C0008B888 /* Models */ = {
			isa = PBXGroup;
			children = (
				861C68BB2C88FFDE003DCF8F /* StellaInfo.swift */,
				86B2BB142C8A916D00EA7A84 /* SongInfo.swift */,
				862147BD2C8BB5710008B888 /* Songs.swift */,
				8670DE312C8794140058D7DC /* SongType.swift */,
			);
			path = Models;
			sourceTree = "<group>";
		};
		8670DE172C8770510058D7DC /* Views */ = {
			isa = PBXGroup;
			children = (
				8670DE1D2C8770A70058D7DC /* Home */,
				8670DE1E2C8770AB0058D7DC /* PlayList */,
			);
			path = Views;
			sourceTree = "<group>";
		};
		8670DE182C8770590058D7DC /* ViewModels */ = {
			isa = PBXGroup;
			children = (
				861C68BD2C890378003DCF8F /* StellaInfoViewModel.swift */,
				86B2BB122C8A914100EA7A84 /* SongInfoViewModel.swift */,
				862147BB2C8BA1640008B888 /* AudioPlayerViewModel.swift */,
			);
			path = ViewModels;
			sourceTree = "<group>";
		};
		8670DE1D2C8770A70058D7DC /* Home */ = {
			isa = PBXGroup;
			children = (
				8670DE192C8770900058D7DC /* HomeView.swift */,
				8670DE292C8784AE0058D7DC /* ArtistListView.swift */,
				8670DE2F2C8793920058D7DC /* SongListView.swift */,
				8670DE2B2C878AEC0058D7DC /* TabsView.swift */,
			);
			path = Home;
			sourceTree = "<group>";
		};
		8670DE1E2C8770AB0058D7DC /* PlayList */ = {
			isa = PBXGroup;
			children = (
				8670DE1B2C8770960058D7DC /* PlayListView.swift */,
			);
			path = PlayList;
			sourceTree = "<group>";
		};
		868D1FBD2C876B3A00F194D9 = {
			isa = PBXGroup;
			children = (
				868D1FC82C876B3A00F194D9 /* StelliveMusic */,
				868D1FC72C876B3A00F194D9 /* Products */,
				861C68B52C88FEC2003DCF8F /* Frameworks */,
			);
			sourceTree = "<group>";
		};
		868D1FC72C876B3A00F194D9 /* Products */ = {
			isa = PBXGroup;
			children = (
				868D1FC62C876B3A00F194D9 /* StelliveMusic.app */,
			);
			name = Products;
			sourceTree = "<group>";
		};
		868D1FC82C876B3A00F194D9 /* StelliveMusic */ = {
			isa = PBXGroup;
			children = (
				861C68AF2C88FDBD003DCF8F /* API */,
				862147BA2C8B9E9C0008B888 /* Models */,
				8670DE182C8770590058D7DC /* ViewModels */,
				8670DE172C8770510058D7DC /* Views */,
				86DE9CD12C876D4600D26C10 /* Info.plist */,
				868D1FC92C876B3A00F194D9 /* StelliveMusicApp.swift */,
				868D1FCB2C876B3A00F194D9 /* ContentView.swift */,
				868D1FCD2C876B3B00F194D9 /* Assets.xcassets */,
				861C68BF2C89181C003DCF8F /* Colors.xcassets */,
				868D1FCF2C876B3B00F194D9 /* Preview Content */,
			);
			path = StelliveMusic;
			sourceTree = "<group>";
		};
		868D1FCF2C876B3B00F194D9 /* Preview Content */ = {
			isa = PBXGroup;
			children = (
				868D1FD02C876B3B00F194D9 /* Preview Assets.xcassets */,
			);
			path = "Preview Content";
			sourceTree = "<group>";
		};
/* End PBXGroup section */

/* Begin PBXNativeTarget section */
		868D1FC52C876B3A00F194D9 /* StelliveMusic */ = {
			isa = PBXNativeTarget;
			buildConfigurationList = 868D1FD42C876B3B00F194D9 /* Build configuration list for PBXNativeTarget "StelliveMusic" */;
			buildPhases = (
				868D1FC22C876B3A00F194D9 /* Sources */,
				868D1FC32C876B3A00F194D9 /* Frameworks */,
				868D1FC42C876B3A00F194D9 /* Resources */,
			);
			buildRules = (
			);
			dependencies = (
			);
			name = StelliveMusic;
			packageProductDependencies = (
				8670DE152C876F9A0058D7DC /* Kingfisher */,
				8670DE202C8773C50058D7DC /* SwiftUIIntrospect */,
				861C68B62C88FEC2003DCF8F /* Supabase */,
			);
			productName = StelliveMusic;
			productReference = 868D1FC62C876B3A00F194D9 /* StelliveMusic.app */;
			productType = "com.apple.product-type.application";
		};
/* End PBXNativeTarget section */

/* Begin PBXProject section */
		868D1FBE2C876B3A00F194D9 /* Project object */ = {
			isa = PBXProject;
			attributes = {
				BuildIndependentTargetsInParallel = 1;
				LastSwiftUpdateCheck = 1540;
				LastUpgradeCheck = 1540;
				TargetAttributes = {
					868D1FC52C876B3A00F194D9 = {
						CreatedOnToolsVersion = 15.4;
					};
				};
			};
			buildConfigurationList = 868D1FC12C876B3A00F194D9 /* Build configuration list for PBXProject "StelliveMusic" */;
			compatibilityVersion = "Xcode 14.0";
			developmentRegion = en;
			hasScannedForEncodings = 0;
			knownRegions = (
				en,
				Base,
			);
			mainGroup = 868D1FBD2C876B3A00F194D9;
			packageReferences = (
				8670DE132C876F770058D7DC /* XCRemoteSwiftPackageReference "supabase-swift" */,
				8670DE142C876F9A0058D7DC /* XCRemoteSwiftPackageReference "Kingfisher" */,
				8670DE1F2C8773C50058D7DC /* XCRemoteSwiftPackageReference "swiftui-introspect" */,
			);
			productRefGroup = 868D1FC72C876B3A00F194D9 /* Products */;
			projectDirPath = "";
			projectRoot = "";
			targets = (
				868D1FC52C876B3A00F194D9 /* StelliveMusic */,
			);
		};
/* End PBXProject section */

/* Begin PBXResourcesBuildPhase section */
		868D1FC42C876B3A00F194D9 /* Resources */ = {
			isa = PBXResourcesBuildPhase;
			buildActionMask = 2147483647;
			files = (
				861C68B92C88FF1A003DCF8F /* SupabaseInfo.plist in Resources */,
				861C68C02C89181C003DCF8F /* Colors.xcassets in Resources */,
				868D1FD12C876B3B00F194D9 /* Preview Assets.xcassets in Resources */,
				868D1FCE2C876B3B00F194D9 /* Assets.xcassets in Resources */,
			);
			runOnlyForDeploymentPostprocessing = 0;
		};
/* End PBXResourcesBuildPhase section */

/* Begin PBXSourcesBuildPhase section */
		868D1FC22C876B3A00F194D9 /* Sources */ = {
			isa = PBXSourcesBuildPhase;
			buildActionMask = 2147483647;
			files = (
				862147BE2C8BB5710008B888 /* Songs.swift in Sources */,
				8670DE2C2C878AEC0058D7DC /* TabsView.swift in Sources */,
				86B2BB152C8A916D00EA7A84 /* SongInfo.swift in Sources */,
				862147BC2C8BA1640008B888 /* AudioPlayerViewModel.swift in Sources */,
				8670DE1A2C8770900058D7DC /* HomeView.swift in Sources */,
				861C68BC2C88FFDE003DCF8F /* StellaInfo.swift in Sources */,
				868D1FCC2C876B3A00F194D9 /* ContentView.swift in Sources */,
				86B2BB132C8A914100EA7A84 /* SongInfoViewModel.swift in Sources */,
				861C68BE2C890378003DCF8F /* StellaInfoViewModel.swift in Sources */,
				8670DE322C8794140058D7DC /* SongType.swift in Sources */,
				8670DE2A2C8784AE0058D7DC /* ArtistListView.swift in Sources */,
				8670DE1C2C8770960058D7DC /* PlayListView.swift in Sources */,
				868D1FCA2C876B3A00F194D9 /* StelliveMusicApp.swift in Sources */,
				8670DE302C8793920058D7DC /* SongListView.swift in Sources */,
				861C68B42C88FE9D003DCF8F /* SupaClient.swift in Sources */,
			);
			runOnlyForDeploymentPostprocessing = 0;
		};
/* End PBXSourcesBuildPhase section */

/* Begin XCBuildConfiguration section */
		868D1FD22C876B3B00F194D9 /* Debug */ = {
			isa = XCBuildConfiguration;
			buildSettings = {
				ALWAYS_SEARCH_USER_PATHS = NO;
				ASSETCATALOG_COMPILER_GENERATE_SWIFT_ASSET_SYMBOL_EXTENSIONS = YES;
				CLANG_ANALYZER_NONNULL = YES;
				CLANG_ANALYZER_NUMBER_OBJECT_CONVERSION = YES_AGGRESSIVE;
				CLANG_CXX_LANGUAGE_STANDARD = "gnu++20";
				CLANG_ENABLE_MODULES = YES;
				CLANG_ENABLE_OBJC_ARC = YES;
				CLANG_ENABLE_OBJC_WEAK = YES;
				CLANG_WARN_BLOCK_CAPTURE_AUTORELEASING = YES;
				CLANG_WARN_BOOL_CONVERSION = YES;
				CLANG_WARN_COMMA = YES;
				CLANG_WARN_CONSTANT_CONVERSION = YES;
				CLANG_WARN_DEPRECATED_OBJC_IMPLEMENTATIONS = YES;
				CLANG_WARN_DIRECT_OBJC_ISA_USAGE = YES_ERROR;
				CLANG_WARN_DOCUMENTATION_COMMENTS = YES;
				CLANG_WARN_EMPTY_BODY = YES;
				CLANG_WARN_ENUM_CONVERSION = YES;
				CLANG_WARN_INFINITE_RECURSION = YES;
				CLANG_WARN_INT_CONVERSION = YES;
				CLANG_WARN_NON_LITERAL_NULL_CONVERSION = YES;
				CLANG_WARN_OBJC_IMPLICIT_RETAIN_SELF = YES;
				CLANG_WARN_OBJC_LITERAL_CONVERSION = YES;
				CLANG_WARN_OBJC_ROOT_CLASS = YES_ERROR;
				CLANG_WARN_QUOTED_INCLUDE_IN_FRAMEWORK_HEADER = YES;
				CLANG_WARN_RANGE_LOOP_ANALYSIS = YES;
				CLANG_WARN_STRICT_PROTOTYPES = YES;
				CLANG_WARN_SUSPICIOUS_MOVE = YES;
				CLANG_WARN_UNGUARDED_AVAILABILITY = YES_AGGRESSIVE;
				CLANG_WARN_UNREACHABLE_CODE = YES;
				CLANG_WARN__DUPLICATE_METHOD_MATCH = YES;
				COPY_PHASE_STRIP = NO;
				DEBUG_INFORMATION_FORMAT = dwarf;
				ENABLE_STRICT_OBJC_MSGSEND = YES;
				ENABLE_TESTABILITY = YES;
				ENABLE_USER_SCRIPT_SANDBOXING = YES;
				GCC_C_LANGUAGE_STANDARD = gnu17;
				GCC_DYNAMIC_NO_PIC = NO;
				GCC_NO_COMMON_BLOCKS = YES;
				GCC_OPTIMIZATION_LEVEL = 0;
				GCC_PREPROCESSOR_DEFINITIONS = (
					"DEBUG=1",
					"$(inherited)",
				);
				GCC_WARN_64_TO_32_BIT_CONVERSION = YES;
				GCC_WARN_ABOUT_RETURN_TYPE = YES_ERROR;
				GCC_WARN_UNDECLARED_SELECTOR = YES;
				GCC_WARN_UNINITIALIZED_AUTOS = YES_AGGRESSIVE;
				GCC_WARN_UNUSED_FUNCTION = YES;
				GCC_WARN_UNUSED_VARIABLE = YES;
				IPHONEOS_DEPLOYMENT_TARGET = 17.5;
				LOCALIZATION_PREFERS_STRING_CATALOGS = YES;
				MTL_ENABLE_DEBUG_INFO = INCLUDE_SOURCE;
				MTL_FAST_MATH = YES;
				ONLY_ACTIVE_ARCH = YES;
				SDKROOT = iphoneos;
				SWIFT_ACTIVE_COMPILATION_CONDITIONS = "DEBUG $(inherited)";
				SWIFT_OPTIMIZATION_LEVEL = "-Onone";
			};
			name = Debug;
		};
		868D1FD32C876B3B00F194D9 /* Release */ = {
			isa = XCBuildConfiguration;
			buildSettings = {
				ALWAYS_SEARCH_USER_PATHS = NO;
				ASSETCATALOG_COMPILER_GENERATE_SWIFT_ASSET_SYMBOL_EXTENSIONS = YES;
				CLANG_ANALYZER_NONNULL = YES;
				CLANG_ANALYZER_NUMBER_OBJECT_CONVERSION = YES_AGGRESSIVE;
				CLANG_CXX_LANGUAGE_STANDARD = "gnu++20";
				CLANG_ENABLE_MODULES = YES;
				CLANG_ENABLE_OBJC_ARC = YES;
				CLANG_ENABLE_OBJC_WEAK = YES;
				CLANG_WARN_BLOCK_CAPTURE_AUTORELEASING = YES;
				CLANG_WARN_BOOL_CONVERSION = YES;
				CLANG_WARN_COMMA = YES;
				CLANG_WARN_CONSTANT_CONVERSION = YES;
				CLANG_WARN_DEPRECATED_OBJC_IMPLEMENTATIONS = YES;
				CLANG_WARN_DIRECT_OBJC_ISA_USAGE = YES_ERROR;
				CLANG_WARN_DOCUMENTATION_COMMENTS = YES;
				CLANG_WARN_EMPTY_BODY = YES;
				CLANG_WARN_ENUM_CONVERSION = YES;
				CLANG_WARN_INFINITE_RECURSION = YES;
				CLANG_WARN_INT_CONVERSION = YES;
				CLANG_WARN_NON_LITERAL_NULL_CONVERSION = YES;
				CLANG_WARN_OBJC_IMPLICIT_RETAIN_SELF = YES;
				CLANG_WARN_OBJC_LITERAL_CONVERSION = YES;
				CLANG_WARN_OBJC_ROOT_CLASS = YES_ERROR;
				CLANG_WARN_QUOTED_INCLUDE_IN_FRAMEWORK_HEADER = YES;
				CLANG_WARN_RANGE_LOOP_ANALYSIS = YES;
				CLANG_WARN_STRICT_PROTOTYPES = YES;
				CLANG_WARN_SUSPICIOUS_MOVE = YES;
				CLANG_WARN_UNGUARDED_AVAILABILITY = YES_AGGRESSIVE;
				CLANG_WARN_UNREACHABLE_CODE = YES;
				CLANG_WARN__DUPLICATE_METHOD_MATCH = YES;
				COPY_PHASE_STRIP = NO;
				DEBUG_INFORMATION_FORMAT = "dwarf-with-dsym";
				ENABLE_NS_ASSERTIONS = NO;
				ENABLE_STRICT_OBJC_MSGSEND = YES;
				ENABLE_USER_SCRIPT_SANDBOXING = YES;
				GCC_C_LANGUAGE_STANDARD = gnu17;
				GCC_NO_COMMON_BLOCKS = YES;
				GCC_WARN_64_TO_32_BIT_CONVERSION = YES;
				GCC_WARN_ABOUT_RETURN_TYPE = YES_ERROR;
				GCC_WARN_UNDECLARED_SELECTOR = YES;
				GCC_WARN_UNINITIALIZED_AUTOS = YES_AGGRESSIVE;
				GCC_WARN_UNUSED_FUNCTION = YES;
				GCC_WARN_UNUSED_VARIABLE = YES;
				IPHONEOS_DEPLOYMENT_TARGET = 17.5;
				LOCALIZATION_PREFERS_STRING_CATALOGS = YES;
				MTL_ENABLE_DEBUG_INFO = NO;
				MTL_FAST_MATH = YES;
				SDKROOT = iphoneos;
				SWIFT_COMPILATION_MODE = wholemodule;
				VALIDATE_PRODUCT = YES;
			};
			name = Release;
		};
		868D1FD52C876B3B00F194D9 /* Debug */ = {
			isa = XCBuildConfiguration;
			buildSettings = {
				ASSETCATALOG_COMPILER_APPICON_NAME = AppIcon;
				ASSETCATALOG_COMPILER_GLOBAL_ACCENT_COLOR_NAME = AccentColor;
				CODE_SIGN_STYLE = Automatic;
				CURRENT_PROJECT_VERSION = 1;
				DEVELOPMENT_ASSET_PATHS = "\"StelliveMusic/Preview Content\"";
				DEVELOPMENT_TEAM = Y333NVBXPT;
				ENABLE_PREVIEWS = YES;
				GENERATE_INFOPLIST_FILE = YES;
				INFOPLIST_FILE = StelliveMusic/Info.plist;
				INFOPLIST_KEY_UIApplicationSceneManifest_Generation = YES;
				INFOPLIST_KEY_UIApplicationSupportsIndirectInputEvents = YES;
				INFOPLIST_KEY_UILaunchScreen_Generation = YES;
				INFOPLIST_KEY_UISupportedInterfaceOrientations_iPad = "UIInterfaceOrientationPortrait UIInterfaceOrientationPortraitUpsideDown UIInterfaceOrientationLandscapeLeft UIInterfaceOrientationLandscapeRight";
				INFOPLIST_KEY_UISupportedInterfaceOrientations_iPhone = "UIInterfaceOrientationPortrait UIInterfaceOrientationLandscapeLeft UIInterfaceOrientationLandscapeRight";
				IPHONEOS_DEPLOYMENT_TARGET = 15.0;
				LD_RUNPATH_SEARCH_PATHS = (
					"$(inherited)",
					"@executable_path/Frameworks",
				);
				MARKETING_VERSION = 1.0;
				PRODUCT_BUNDLE_IDENTIFIER = com.Yimkeul.StelliveMusic;
				PRODUCT_NAME = "$(TARGET_NAME)";
				SUPPORTED_PLATFORMS = "iphoneos iphonesimulator";
				SUPPORTS_MACCATALYST = NO;
				SUPPORTS_MAC_DESIGNED_FOR_IPHONE_IPAD = NO;
				SUPPORTS_XR_DESIGNED_FOR_IPHONE_IPAD = NO;
				SWIFT_EMIT_LOC_STRINGS = YES;
				SWIFT_VERSION = 5.0;
				TARGETED_DEVICE_FAMILY = "1,2";
			};
			name = Debug;
		};
		868D1FD62C876B3B00F194D9 /* Release */ = {
			isa = XCBuildConfiguration;
			buildSettings = {
				ASSETCATALOG_COMPILER_APPICON_NAME = AppIcon;
				ASSETCATALOG_COMPILER_GLOBAL_ACCENT_COLOR_NAME = AccentColor;
				CODE_SIGN_STYLE = Automatic;
				CURRENT_PROJECT_VERSION = 1;
				DEVELOPMENT_ASSET_PATHS = "\"StelliveMusic/Preview Content\"";
				DEVELOPMENT_TEAM = Y333NVBXPT;
				ENABLE_PREVIEWS = YES;
				GENERATE_INFOPLIST_FILE = YES;
				INFOPLIST_FILE = StelliveMusic/Info.plist;
				INFOPLIST_KEY_UIApplicationSceneManifest_Generation = YES;
				INFOPLIST_KEY_UIApplicationSupportsIndirectInputEvents = YES;
				INFOPLIST_KEY_UILaunchScreen_Generation = YES;
				INFOPLIST_KEY_UISupportedInterfaceOrientations_iPad = "UIInterfaceOrientationPortrait UIInterfaceOrientationPortraitUpsideDown UIInterfaceOrientationLandscapeLeft UIInterfaceOrientationLandscapeRight";
				INFOPLIST_KEY_UISupportedInterfaceOrientations_iPhone = "UIInterfaceOrientationPortrait UIInterfaceOrientationLandscapeLeft UIInterfaceOrientationLandscapeRight";
				IPHONEOS_DEPLOYMENT_TARGET = 15.0;
				LD_RUNPATH_SEARCH_PATHS = (
					"$(inherited)",
					"@executable_path/Frameworks",
				);
				MARKETING_VERSION = 1.0;
				PRODUCT_BUNDLE_IDENTIFIER = com.Yimkeul.StelliveMusic;
				PRODUCT_NAME = "$(TARGET_NAME)";
				SUPPORTED_PLATFORMS = "iphoneos iphonesimulator";
				SUPPORTS_MACCATALYST = NO;
				SUPPORTS_MAC_DESIGNED_FOR_IPHONE_IPAD = NO;
				SUPPORTS_XR_DESIGNED_FOR_IPHONE_IPAD = NO;
				SWIFT_EMIT_LOC_STRINGS = YES;
				SWIFT_VERSION = 5.0;
				TARGETED_DEVICE_FAMILY = "1,2";
			};
			name = Release;
		};
/* End XCBuildConfiguration section */

/* Begin XCConfigurationList section */
		868D1FC12C876B3A00F194D9 /* Build configuration list for PBXProject "StelliveMusic" */ = {
			isa = XCConfigurationList;
			buildConfigurations = (
				868D1FD22C876B3B00F194D9 /* Debug */,
				868D1FD32C876B3B00F194D9 /* Release */,
			);
			defaultConfigurationIsVisible = 0;
			defaultConfigurationName = Release;
		};
		868D1FD42C876B3B00F194D9 /* Build configuration list for PBXNativeTarget "StelliveMusic" */ = {
			isa = XCConfigurationList;
			buildConfigurations = (
				868D1FD52C876B3B00F194D9 /* Debug */,
				868D1FD62C876B3B00F194D9 /* Release */,
			);
			defaultConfigurationIsVisible = 0;
			defaultConfigurationName = Release;
		};
/* End XCConfigurationList section */

/* Begin XCRemoteSwiftPackageReference section */
		8670DE132C876F770058D7DC /* XCRemoteSwiftPackageReference "supabase-swift" */ = {
			isa = XCRemoteSwiftPackageReference;
			repositoryURL = "https://github.com/supabase-community/supabase-swift.git";
			requirement = {
				kind = upToNextMajorVersion;
				minimumVersion = 2.5.1;
			};
		};
		8670DE142C876F9A0058D7DC /* XCRemoteSwiftPackageReference "Kingfisher" */ = {
			isa = XCRemoteSwiftPackageReference;
			repositoryURL = "https://github.com/onevcat/Kingfisher.git";
			requirement = {
				kind = upToNextMajorVersion;
				minimumVersion = 7.12.0;
			};
		};
		8670DE1F2C8773C50058D7DC /* XCRemoteSwiftPackageReference "swiftui-introspect" */ = {
			isa = XCRemoteSwiftPackageReference;
			repositoryURL = "https://github.com/siteline/swiftui-introspect";
			requirement = {
				kind = upToNextMajorVersion;
				minimumVersion = 1.3.0;
			};
		};
/* End XCRemoteSwiftPackageReference section */

/* Begin XCSwiftPackageProductDependency section */
		861C68B62C88FEC2003DCF8F /* Supabase */ = {
			isa = XCSwiftPackageProductDependency;
			package = 8670DE132C876F770058D7DC /* XCRemoteSwiftPackageReference "supabase-swift" */;
			productName = Supabase;
		};
		8670DE152C876F9A0058D7DC /* Kingfisher */ = {
			isa = XCSwiftPackageProductDependency;
			package = 8670DE142C876F9A0058D7DC /* XCRemoteSwiftPackageReference "Kingfisher" */;
			productName = Kingfisher;
		};
		8670DE202C8773C50058D7DC /* SwiftUIIntrospect */ = {
			isa = XCSwiftPackageProductDependency;
			package = 8670DE1F2C8773C50058D7DC /* XCRemoteSwiftPackageReference "swiftui-introspect" */;
			productName = SwiftUIIntrospect;
		};
/* End XCSwiftPackageProductDependency section */
	};
	rootObject = 868D1FBE2C876B3A00F194D9 /* Project object */;
}
